// !$*UTF8*$!
{
	archiveVersion = 1;
	classes = {
	};
	objectVersion = 46;
	objects = {

/* Begin PBXBuildFile section */
		200C87BF67DB31F59B314E36 /* Pods_MyCocoaPodPro.framework in Frameworks */ = {isa = PBXBuildFile; fileRef = A7B78F3B28438FC8631583AE /* Pods_MyCocoaPodPro.framework */; };
		E149BA141D63459B002BD8B4 /* 1.mp4 in Resources */ = {isa = PBXBuildFile; fileRef = E149BA131D63459B002BD8B4 /* 1.mp4 */; };
		E16DB5DB1CF003CA007DA161 /* main.m in Sources */ = {isa = PBXBuildFile; fileRef = E16DB5DA1CF003CA007DA161 /* main.m */; };
		E16DB5DE1CF003CA007DA161 /* AppDelegate.m in Sources */ = {isa = PBXBuildFile; fileRef = E16DB5DD1CF003CA007DA161 /* AppDelegate.m */; };
		E16DB5E11CF003CA007DA161 /* FirstViewController.m in Sources */ = {isa = PBXBuildFile; fileRef = E16DB5E01CF003CA007DA161 /* FirstViewController.m */; };
		E16DB5E41CF003CA007DA161 /* SecondViewController.m in Sources */ = {isa = PBXBuildFile; fileRef = E16DB5E31CF003CA007DA161 /* SecondViewController.m */; };
		E16DB5E71CF003CA007DA161 /* Main.storyboard in Resources */ = {isa = PBXBuildFile; fileRef = E16DB5E51CF003CA007DA161 /* Main.storyboard */; };
		E16DB5E91CF003CA007DA161 /* Assets.xcassets in Resources */ = {isa = PBXBuildFile; fileRef = E16DB5E81CF003CA007DA161 /* Assets.xcassets */; };
		E16DB5EC1CF003CA007DA161 /* LaunchScreen.storyboard in Resources */ = {isa = PBXBuildFile; fileRef = E16DB5EA1CF003CA007DA161 /* LaunchScreen.storyboard */; };
		E16DB5F71CF03B89007DA161 /* ThirdViewController.m in Sources */ = {isa = PBXBuildFile; fileRef = E16DB5F61CF03B89007DA161 /* ThirdViewController.m */; };
		E16DB5FA1CF03BB4007DA161 /* FourthViewController.m in Sources */ = {isa = PBXBuildFile; fileRef = E16DB5F91CF03BB4007DA161 /* FourthViewController.m */; };
		E16DB6001CF03F18007DA161 /* RootNavViewController.m in Sources */ = {isa = PBXBuildFile; fileRef = E16DB5FF1CF03F18007DA161 /* RootNavViewController.m */; };
		E16DB6031CF03F69007DA161 /* MainTabbarViewController.m in Sources */ = {isa = PBXBuildFile; fileRef = E16DB6021CF03F69007DA161 /* MainTabbarViewController.m */; };
		E1940E5D1D6ED452004B4679 /* LEEAudioService.m in Sources */ = {isa = PBXBuildFile; fileRef = E1940E5C1D6ED452004B4679 /* LEEAudioService.m */; };
/* End PBXBuildFile section */

/* Begin PBXFileReference section */
		12CBD39AA1E433D18A1D149C /* Pods-MyCocoaPodPro.debug.xcconfig */ = {isa = PBXFileReference; includeInIndex = 1; lastKnownFileType = text.xcconfig; name = "Pods-MyCocoaPodPro.debug.xcconfig"; path = "Pods/Target Support Files/Pods-MyCocoaPodPro/Pods-MyCocoaPodPro.debug.xcconfig"; sourceTree = "<group>"; };
		34764DC0C751F4BE753EA9AC /* Pods-MyCocoaPodPro.release.xcconfig */ = {isa = PBXFileReference; includeInIndex = 1; lastKnownFileType = text.xcconfig; name = "Pods-MyCocoaPodPro.release.xcconfig"; path = "Pods/Target Support Files/Pods-MyCocoaPodPro/Pods-MyCocoaPodPro.release.xcconfig"; sourceTree = "<group>"; };
		A7B78F3B28438FC8631583AE /* Pods_MyCocoaPodPro.framework */ = {isa = PBXFileReference; explicitFileType = wrapper.framework; includeInIndex = 0; path = Pods_MyCocoaPodPro.framework; sourceTree = BUILT_PRODUCTS_DIR; };
		E149BA131D63459B002BD8B4 /* 1.mp4 */ = {isa = PBXFileReference; lastKnownFileType = file; path = 1.mp4; sourceTree = "<group>"; };
		E16DB5D61CF003CA007DA161 /* MyCocoaPodPro.app */ = {isa = PBXFileReference; explicitFileType = wrapper.application; includeInIndex = 0; path = MyCocoaPodPro.app; sourceTree = BUILT_PRODUCTS_DIR; };
		E16DB5DA1CF003CA007DA161 /* main.m */ = {isa = PBXFileReference; lastKnownFileType = sourcecode.c.objc; path = main.m; sourceTree = "<group>"; };
		E16DB5DC1CF003CA007DA161 /* AppDelegate.h */ = {isa = PBXFileReference; lastKnownFileType = sourcecode.c.h; path = AppDelegate.h; sourceTree = "<group>"; };
		E16DB5DD1CF003CA007DA161 /* AppDelegate.m */ = {isa = PBXFileReference; lastKnownFileType = sourcecode.c.objc; path = AppDelegate.m; sourceTree = "<group>"; };
		E16DB5DF1CF003CA007DA161 /* FirstViewController.h */ = {isa = PBXFileReference; lastKnownFileType = sourcecode.c.h; path = FirstViewController.h; sourceTree = "<group>"; };
		E16DB5E01CF003CA007DA161 /* FirstViewController.m */ = {isa = PBXFileReference; lastKnownFileType = sourcecode.c.objc; path = FirstViewController.m; sourceTree = "<group>"; };
		E16DB5E21CF003CA007DA161 /* SecondViewController.h */ = {isa = PBXFileReference; lastKnownFileType = sourcecode.c.h; path = SecondViewController.h; sourceTree = "<group>"; };
		E16DB5E31CF003CA007DA161 /* SecondViewController.m */ = {isa = PBXFileReference; lastKnownFileType = sourcecode.c.objc; path = SecondViewController.m; sourceTree = "<group>"; };
		E16DB5E61CF003CA007DA161 /* Base */ = {isa = PBXFileReference; lastKnownFileType = file.storyboard; name = Base; path = Base.lproj/Main.storyboard; sourceTree = "<group>"; };
		E16DB5E81CF003CA007DA161 /* Assets.xcassets */ = {isa = PBXFileReference; lastKnownFileType = folder.assetcatalog; path = Assets.xcassets; sourceTree = "<group>"; };
		E16DB5EB1CF003CA007DA161 /* Base */ = {isa = PBXFileReference; lastKnownFileType = file.storyboard; name = Base; path = Base.lproj/LaunchScreen.storyboard; sourceTree = "<group>"; };
		E16DB5ED1CF003CA007DA161 /* Info.plist */ = {isa = PBXFileReference; lastKnownFileType = text.plist.xml; path = Info.plist; sourceTree = "<group>"; };
		E16DB5F51CF03B89007DA161 /* ThirdViewController.h */ = {isa = PBXFileReference; fileEncoding = 4; lastKnownFileType = sourcecode.c.h; path = ThirdViewController.h; sourceTree = "<group>"; };
		E16DB5F61CF03B89007DA161 /* ThirdViewController.m */ = {isa = PBXFileReference; fileEncoding = 4; lastKnownFileType = sourcecode.c.objc; path = ThirdViewController.m; sourceTree = "<group>"; };
		E16DB5F81CF03BB4007DA161 /* FourthViewController.h */ = {isa = PBXFileReference; fileEncoding = 4; lastKnownFileType = sourcecode.c.h; path = FourthViewController.h; sourceTree = "<group>"; };
		E16DB5F91CF03BB4007DA161 /* FourthViewController.m */ = {isa = PBXFileReference; fileEncoding = 4; lastKnownFileType = sourcecode.c.objc; path = FourthViewController.m; sourceTree = "<group>"; };
		E16DB5FE1CF03F18007DA161 /* RootNavViewController.h */ = {isa = PBXFileReference; fileEncoding = 4; lastKnownFileType = sourcecode.c.h; path = RootNavViewController.h; sourceTree = "<group>"; };
		E16DB5FF1CF03F18007DA161 /* RootNavViewController.m */ = {isa = PBXFileReference; fileEncoding = 4; lastKnownFileType = sourcecode.c.objc; path = RootNavViewController.m; sourceTree = "<group>"; };
		E16DB6011CF03F69007DA161 /* MainTabbarViewController.h */ = {isa = PBXFileReference; fileEncoding = 4; lastKnownFileType = sourcecode.c.h; path = MainTabbarViewController.h; sourceTree = "<group>"; };
		E16DB6021CF03F69007DA161 /* MainTabbarViewController.m */ = {isa = PBXFileReference; fileEncoding = 4; lastKnownFileType = sourcecode.c.objc; path = MainTabbarViewController.m; sourceTree = "<group>"; };
		E1940E5B1D6ED452004B4679 /* LEEAudioService.h */ = {isa = PBXFileReference; fileEncoding = 4; lastKnownFileType = sourcecode.c.h; path = LEEAudioService.h; sourceTree = "<group>"; };
		E1940E5C1D6ED452004B4679 /* LEEAudioService.m */ = {isa = PBXFileReference; fileEncoding = 4; lastKnownFileType = sourcecode.c.objc; path = LEEAudioService.m; sourceTree = "<group>"; };
/* End PBXFileReference section */

/* Begin PBXFrameworksBuildPhase section */
		E16DB5D31CF003CA007DA161 /* Frameworks */ = {
			isa = PBXFrameworksBuildPhase;
			buildActionMask = 2147483647;
			files = (
				200C87BF67DB31F59B314E36 /* Pods_MyCocoaPodPro.framework in Frameworks */,
			);
			runOnlyForDeploymentPostprocessing = 0;
		};
/* End PBXFrameworksBuildPhase section */

/* Begin PBXGroup section */
		0BC8AE6A058CC770A9B2C421 /* Frameworks */ = {
			isa = PBXGroup;
			children = (
				A7B78F3B28438FC8631583AE /* Pods_MyCocoaPodPro.framework */,
			);
			name = Frameworks;
			sourceTree = "<group>";
		};
		532EA64229B5C200F389C89F /* Pods */ = {
			isa = PBXGroup;
			children = (
				12CBD39AA1E433D18A1D149C /* Pods-MyCocoaPodPro.debug.xcconfig */,
				34764DC0C751F4BE753EA9AC /* Pods-MyCocoaPodPro.release.xcconfig */,
			);
			name = Pods;
			sourceTree = "<group>";
		};
		E149BA121D63459B002BD8B4 /* Source */ = {
			isa = PBXGroup;
			children = (
				E149BA131D63459B002BD8B4 /* 1.mp4 */,
			);
			path = Source;
			sourceTree = "<group>";
		};
		E16DB5CD1CF003CA007DA161 = {
			isa = PBXGroup;
			children = (
				E16DB5D81CF003CA007DA161 /* MyCocoaPodPro */,
				E16DB5D71CF003CA007DA161 /* Products */,
				532EA64229B5C200F389C89F /* Pods */,
				0BC8AE6A058CC770A9B2C421 /* Frameworks */,
			);
			sourceTree = "<group>";
		};
		E16DB5D71CF003CA007DA161 /* Products */ = {
			isa = PBXGroup;
			children = (
				E16DB5D61CF003CA007DA161 /* MyCocoaPodPro.app */,
			);
			name = Products;
			sourceTree = "<group>";
		};
		E16DB5D81CF003CA007DA161 /* MyCocoaPodPro */ = {
			isa = PBXGroup;
			children = (
				E1940E5A1D6ED41F004B4679 /* Entity */,
				E149BA121D63459B002BD8B4 /* Source */,
				E16DB5DC1CF003CA007DA161 /* AppDelegate.h */,
				E16DB5DD1CF003CA007DA161 /* AppDelegate.m */,
				E16DB5FE1CF03F18007DA161 /* RootNavViewController.h */,
				E16DB5FF1CF03F18007DA161 /* RootNavViewController.m */,
				E16DB6011CF03F69007DA161 /* MainTabbarViewController.h */,
				E16DB6021CF03F69007DA161 /* MainTabbarViewController.m */,
				E16DB5DF1CF003CA007DA161 /* FirstViewController.h */,
				E16DB5E01CF003CA007DA161 /* FirstViewController.m */,
				E16DB5E21CF003CA007DA161 /* SecondViewController.h */,
				E16DB5E31CF003CA007DA161 /* SecondViewController.m */,
				E16DB5F51CF03B89007DA161 /* ThirdViewController.h */,
				E16DB5F61CF03B89007DA161 /* ThirdViewController.m */,
				E16DB5F81CF03BB4007DA161 /* FourthViewController.h */,
				E16DB5F91CF03BB4007DA161 /* FourthViewController.m */,
				E16DB5E51CF003CA007DA161 /* Main.storyboard */,
				E16DB5E81CF003CA007DA161 /* Assets.xcassets */,
				E16DB5EA1CF003CA007DA161 /* LaunchScreen.storyboard */,
				E16DB5ED1CF003CA007DA161 /* Info.plist */,
				E16DB5D91CF003CA007DA161 /* Supporting Files */,
			);
			path = MyCocoaPodPro;
			sourceTree = "<group>";
		};
		E16DB5D91CF003CA007DA161 /* Supporting Files */ = {
			isa = PBXGroup;
			children = (
				E16DB5DA1CF003CA007DA161 /* main.m */,
			);
			name = "Supporting Files";
			sourceTree = "<group>";
		};
		E1940E5A1D6ED41F004B4679 /* Entity */ = {
			isa = PBXGroup;
			children = (
				E1940E5B1D6ED452004B4679 /* LEEAudioService.h */,
				E1940E5C1D6ED452004B4679 /* LEEAudioService.m */,
			);
			path = Entity;
			sourceTree = "<group>";
		};
/* End PBXGroup section */

/* Begin PBXNativeTarget section */
		E16DB5D51CF003CA007DA161 /* MyCocoaPodPro */ = {
			isa = PBXNativeTarget;
			buildConfigurationList = E16DB5F01CF003CA007DA161 /* Build configuration list for PBXNativeTarget "MyCocoaPodPro" */;
			buildPhases = (
				797E4DA61A74A5B29E58830E /* 📦 Check Pods Manifest.lock */,
				E16DB5D21CF003CA007DA161 /* Sources */,
				E16DB5D31CF003CA007DA161 /* Frameworks */,
				E16DB5D41CF003CA007DA161 /* Resources */,
				6071B0118F65744A124177D9 /* 📦 Embed Pods Frameworks */,
				44C781DF2894C152616E2D02 /* 📦 Copy Pods Resources */,
			);
			buildRules = (
			);
			dependencies = (
			);
			name = MyCocoaPodPro;
			productName = MyCocoaPodPro;
			productReference = E16DB5D61CF003CA007DA161 /* MyCocoaPodPro.app */;
			productType = "com.apple.product-type.application";
		};
/* End PBXNativeTarget section */

/* Begin PBXProject section */
		E16DB5CE1CF003CA007DA161 /* Project object */ = {
			isa = PBXProject;
			attributes = {
				LastUpgradeCheck = 0730;
				ORGANIZATIONNAME = lyz;
				TargetAttributes = {
					E16DB5D51CF003CA007DA161 = {
						CreatedOnToolsVersion = 7.3.1;
					};
				};
			};
			buildConfigurationList = E16DB5D11CF003CA007DA161 /* Build configuration list for PBXProject "MyCocoaPodPro" */;
			compatibilityVersion = "Xcode 3.2";
			developmentRegion = English;
			hasScannedForEncodings = 0;
			knownRegions = (
				en,
				Base,
			);
			mainGroup = E16DB5CD1CF003CA007DA161;
			productRefGroup = E16DB5D71CF003CA007DA161 /* Products */;
			projectDirPath = "";
			projectRoot = "";
			targets = (
				E16DB5D51CF003CA007DA161 /* MyCocoaPodPro */,
			);
		};
/* End PBXProject section */

/* Begin PBXResourcesBuildPhase section */
		E16DB5D41CF003CA007DA161 /* Resources */ = {
			isa = PBXResourcesBuildPhase;
			buildActionMask = 2147483647;
			files = (
				E16DB5EC1CF003CA007DA161 /* LaunchScreen.storyboard in Resources */,
				E149BA141D63459B002BD8B4 /* 1.mp4 in Resources */,
				E16DB5E91CF003CA007DA161 /* Assets.xcassets in Resources */,
				E16DB5E71CF003CA007DA161 /* Main.storyboard in Resources */,
			);
			runOnlyForDeploymentPostprocessing = 0;
		};
/* End PBXResourcesBuildPhase section */

/* Begin PBXShellScriptBuildPhase section */
		44C781DF2894C152616E2D02 /* 📦 Copy Pods Resources */ = {
			isa = PBXShellScriptBuildPhase;
			buildActionMask = 2147483647;
			files = (
			);
			inputPaths = (
			);
			name = "📦 Copy Pods Resources";
			outputPaths = (
			);
			runOnlyForDeploymentPostprocessing = 0;
			shellPath = /bin/sh;
			shellScript = "\"${SRCROOT}/Pods/Target Support Files/Pods-MyCocoaPodPro/Pods-MyCocoaPodPro-resources.sh\"\n";
			showEnvVarsInLog = 0;
		};
		6071B0118F65744A124177D9 /* 📦 Embed Pods Frameworks */ = {
			isa = PBXShellScriptBuildPhase;
			buildActionMask = 2147483647;
			files = (
			);
			inputPaths = (
			);
			name = "📦 Embed Pods Frameworks";
			outputPaths = (
			);
			runOnlyForDeploymentPostprocessing = 0;
			shellPath = /bin/sh;
			shellScript = "\"${SRCROOT}/Pods/Target Support Files/Pods-MyCocoaPodPro/Pods-MyCocoaPodPro-frameworks.sh\"\n";
			showEnvVarsInLog = 0;
		};
		797E4DA61A74A5B29E58830E /* 📦 Check Pods Manifest.lock */ = {
			isa = PBXShellScriptBuildPhase;
			buildActionMask = 2147483647;
			files = (
			);
			inputPaths = (
			);
			name = "📦 Check Pods Manifest.lock";
			outputPaths = (
			);
			runOnlyForDeploymentPostprocessing = 0;
			shellPath = /bin/sh;
			shellScript = "diff \"${PODS_ROOT}/../Podfile.lock\" \"${PODS_ROOT}/Manifest.lock\" > /dev/null\nif [[ $? != 0 ]] ; then\n    cat << EOM\nerror: The sandbox is not in sync with the Podfile.lock. Run 'pod install' or update your CocoaPods installation.\nEOM\n    exit 1\nfi\n";
			showEnvVarsInLog = 0;
		};
/* End PBXShellScriptBuildPhase section */

/* Begin PBXSourcesBuildPhase section */
		E16DB5D21CF003CA007DA161 /* Sources */ = {
			isa = PBXSourcesBuildPhase;
			buildActionMask = 2147483647;
			files = (
				E1940E5D1D6ED452004B4679 /* LEEAudioService.m in Sources */,
				E16DB5FA1CF03BB4007DA161 /* FourthViewController.m in Sources */,
				E16DB5E41CF003CA007DA161 /* SecondViewController.m in Sources */,
				E16DB6001CF03F18007DA161 /* RootNavViewController.m in Sources */,
				E16DB5F71CF03B89007DA161 /* ThirdViewController.m in Sources */,
				E16DB5DE1CF003CA007DA161 /* AppDelegate.m in Sources */,
				E16DB6031CF03F69007DA161 /* MainTabbarViewController.m in Sources */,
				E16DB5E11CF003CA007DA161 /* FirstViewController.m in Sources */,
				E16DB5DB1CF003CA007DA161 /* main.m in Sources */,
			);
			runOnlyForDeploymentPostprocessing = 0;
		};
/* End PBXSourcesBuildPhase section */

/* Begin PBXVariantGroup section */
		E16DB5E51CF003CA007DA161 /* Main.storyboard */ = {
			isa = PBXVariantGroup;
			children = (
				E16DB5E61CF003CA007DA161 /* Base */,
			);
			name = Main.storyboard;
			sourceTree = "<group>";
		};
		E16DB5EA1CF003CA007DA161 /* LaunchScreen.storyboard */ = {
			isa = PBXVariantGroup;
			children = (
				E16DB5EB1CF003CA007DA161 /* Base */,
			);
			name = LaunchScreen.storyboard;
			sourceTree = "<group>";
		};
/* End PBXVariantGroup section */

/* Begin XCBuildConfiguration section */
		E16DB5EE1CF003CA007DA161 /* Debug */ = {
			isa = XCBuildConfiguration;
			buildSettings = {
				ALWAYS_SEARCH_USER_PATHS = NO;
				CLANG_ANALYZER_NONNULL = YES;
				CLANG_CXX_LANGUAGE_STANDARD = "gnu++0x";
				CLANG_CXX_LIBRARY = "libc++";
				CLANG_ENABLE_MODULES = YES;
				CLANG_ENABLE_OBJC_ARC = YES;
				CLANG_WARN_BOOL_CONVERSION = YES;
				CLANG_WARN_CONSTANT_CONVERSION = YES;
				CLANG_WARN_DIRECT_OBJC_ISA_USAGE = YES_ERROR;
				CLANG_WARN_EMPTY_BODY = YES;
				CLANG_WARN_ENUM_CONVERSION = YES;
				CLANG_WARN_INT_CONVERSION = YES;
				CLANG_WARN_OBJC_ROOT_CLASS = YES_ERROR;
				CLANG_WARN_UNREACHABLE_CODE = YES;
				CLANG_WARN__DUPLICATE_METHOD_MATCH = YES;
				CODE_SIGN_IDENTITY = "iPhone Developer: Wenjun Xiong (A76YEHJ64Q)";
				"CODE_SIGN_IDENTITY[sdk=iphoneos*]" = "iPhone Developer: Wenjun Xiong (A76YEHJ64Q)";
				COPY_PHASE_STRIP = NO;
				DEBUG_INFORMATION_FORMAT = dwarf;
				ENABLE_STRICT_OBJC_MSGSEND = YES;
				ENABLE_TESTABILITY = YES;
				GCC_C_LANGUAGE_STANDARD = gnu99;
				GCC_DYNAMIC_NO_PIC = NO;
				GCC_NO_COMMON_BLOCKS = YES;
				GCC_OPTIMIZATION_LEVEL = 0;
				GCC_PREPROCESSOR_DEFINITIONS = (
					"DEBUG=1",
					"$(inherited)",
				);
				GCC_WARN_64_TO_32_BIT_CONVERSION = YES;
				GCC_WARN_ABOUT_RETURN_TYPE = YES_ERROR;
				GCC_WARN_UNDECLARED_SELECTOR = YES;
				GCC_WARN_UNINITIALIZED_AUTOS = YES_AGGRESSIVE;
				GCC_WARN_UNUSED_FUNCTION = YES;
				GCC_WARN_UNUSED_VARIABLE = YES;
				IPHONEOS_DEPLOYMENT_TARGET = 8.0;
				MTL_ENABLE_DEBUG_INFO = YES;
				ONLY_ACTIVE_ARCH = YES;
				PROVISIONING_PROFILE = "1ccf6ab8-ce67-4973-82ec-cdd337ebfcdf";
				SDKROOT = iphoneos;
			};
			name = Debug;
		};
		E16DB5EF1CF003CA007DA161 /* Release */ = {
			isa = XCBuildConfiguration;
			buildSettings = {
				ALWAYS_SEARCH_USER_PATHS = NO;
				CLANG_ANALYZER_NONNULL = YES;
				CLANG_CXX_LANGUAGE_STANDARD = "gnu++0x";
				CLANG_CXX_LIBRARY = "libc++";
				CLANG_ENABLE_MODULES = YES;
				CLANG_ENABLE_OBJC_ARC = YES;
				CLANG_WARN_BOOL_CONVERSION = YES;
				CLANG_WARN_CONSTANT_CONVERSION = YES;
				CLANG_WARN_DIRECT_OBJC_ISA_USAGE = YES_ERROR;
				CLANG_WARN_EMPTY_BODY = YES;
				CLANG_WARN_ENUM_CONVERSION = YES;
				CLANG_WARN_INT_CONVERSION = YES;
				CLANG_WARN_OBJC_ROOT_CLASS = YES_ERROR;
				CLANG_WARN_UNREACHABLE_CODE = YES;
				CLANG_WARN__DUPLICATE_METHOD_MATCH = YES;
				CODE_SIGN_IDENTITY = "iPhone Developer: Wenjun Xiong (A76YEHJ64Q)";
				"CODE_SIGN_IDENTITY[sdk=iphoneos*]" = "iPhone Developer: Wenjun Xiong (A76YEHJ64Q)";
				COPY_PHASE_STRIP = NO;
				DEBUG_INFORMATION_FORMAT = "dwarf-with-dsym";
				ENABLE_NS_ASSERTIONS = NO;
				ENABLE_STRICT_OBJC_MSGSEND = YES;
				GCC_C_LANGUAGE_STANDARD = gnu99;
				GCC_NO_COMMON_BLOCKS = YES;
				GCC_WARN_64_TO_32_BIT_CONVERSION = YES;
				GCC_WARN_ABOUT_RETURN_TYPE = YES_ERROR;
				GCC_WARN_UNDECLARED_SELECTOR = YES;
				GCC_WARN_UNINITIALIZED_AUTOS = YES_AGGRESSIVE;
				GCC_WARN_UNUSED_FUNCTION = YES;
				GCC_WARN_UNUSED_VARIABLE = YES;
				IPHONEOS_DEPLOYMENT_TARGET = 8.0;
				MTL_ENABLE_DEBUG_INFO = NO;
				ONLY_ACTIVE_ARCH = YES;
				PROVISIONING_PROFILE = "1ccf6ab8-ce67-4973-82ec-cdd337ebfcdf";
				SDKROOT = iphoneos;
				VALIDATE_PRODUCT = YES;
			};
			name = Release;
		};
		E16DB5F11CF003CA007DA161 /* Debug */ = {
			isa = XCBuildConfiguration;
			baseConfigurationReference = 12CBD39AA1E433D18A1D149C /* Pods-MyCocoaPodPro.debug.xcconfig */;
			buildSettings = {
				ASSETCATALOG_COMPILER_APPICON_NAME = AppIcon;
				CODE_SIGN_IDENTITY = "iPhone Developer: Wenjun Xiong (A76YEHJ64Q)";
				INFOPLIST_FILE = MyCocoaPodPro/Info.plist;
				IPHONEOS_DEPLOYMENT_TARGET = 8.0;
				LD_RUNPATH_SEARCH_PATHS = "$(inherited) @executable_path/Frameworks";
				PRODUCT_BUNDLE_IDENTIFIER = com.Maintools.Detection;
				PRODUCT_NAME = "$(TARGET_NAME)";
				PROVISIONING_PROFILE = "1ccf6ab8-ce67-4973-82ec-cdd337ebfcdf";
			};
			name = Debug;
		};
		E16DB5F21CF003CA007DA161 /* Release */ = {
			isa = XCBuildConfiguration;
			baseConfigurationReference = 34764DC0C751F4BE753EA9AC /* Pods-MyCocoaPodPro.release.xcconfig */;
			buildSettings = {
				ASSETCATALOG_COMPILER_APPICON_NAME = AppIcon;
				CODE_SIGN_IDENTITY = "iPhone Developer: Wenjun Xiong (A76YEHJ64Q)";
				INFOPLIST_FILE = MyCocoaPodPro/Info.plist;
				IPHONEOS_DEPLOYMENT_TARGET = 8.0;
				LD_RUNPATH_SEARCH_PATHS = "$(inherited) @executable_path/Frameworks";
				PRODUCT_BUNDLE_IDENTIFIER = com.Maintools.Detection;
				PRODUCT_NAME = "$(TARGET_NAME)";
				PROVISIONING_PROFILE = "1ccf6ab8-ce67-4973-82ec-cdd337ebfcdf";
			};
			name = Release;
		};
/* End XCBuildConfiguration section */

/* Begin XCConfigurationList section */
		E16DB5D11CF003CA007DA161 /* Build configuration list for PBXProject "MyCocoaPodPro" */ = {
			isa = XCConfigurationList;
			buildConfigurations = (
				E16DB5EE1CF003CA007DA161 /* Debug */,
				E16DB5EF1CF003CA007DA161 /* Release */,
			);
			defaultConfigurationIsVisible = 0;
			defaultConfigurationName = Release;
		};
		E16DB5F01CF003CA007DA161 /* Build configuration list for PBXNativeTarget "MyCocoaPodPro" */ = {
			isa = XCConfigurationList;
			buildConfigurations = (
				E16DB5F11CF003CA007DA161 /* Debug */,
				E16DB5F21CF003CA007DA161 /* Release */,
			);
			defaultConfigurationIsVisible = 0;
			defaultConfigurationName = Release;
		};
/* End XCConfigurationList section */
	};
	rootObject = E16DB5CE1CF003CA007DA161 /* Project object */;
}
